
Microsoft Visual Studio Solution File, Format Version 12.00
# Visual Studio Version 16
VisualStudioVersion = 16.0.31515.178
MinimumVisualStudioVersion = 10.0.40219.1
Project("{9A19103F-16F7-4668-BE54-9A1E7A4F7556}") = "RandomStuff", "RandomStuff\RandomStuff.csproj", "{12B420C7-8419-425D-8172-99EF23BC2F82}"
EndProject
Project("{9A19103F-16F7-4668-BE54-9A1E7A4F7556}") = "Test", "Test\Test.csproj", "{BB9E01F4-FB6B-44C1-8183-22FF78D45826}"
EndProject
Project("{2150E333-8FDC-42A3-9474-1A3956D46DE8}") = "Solution Items", "Solution Items", "{80E3EBE8-B091-456D-8A68-895D8CBFA370}"
	ProjectSection(SolutionItems) = preProject
		.editorconfig = .editorconfig
	EndProjectSection
EndProject
Global
	GlobalSection(SolutionConfigurationPlatforms) = preSolution
		Debug|Any CPU = Debug|Any CPU
		Release|Any CPU = Release|Any CPU
	EndGlobalSection
	GlobalSection(ProjectConfigurationPlatforms) = postSolution
		{12B420C7-8419-425D-8172-99EF23BC2F82}.Debug|Any CPU.ActiveCfg = Debug|Any CPU
		{12B420C7-8419-425D-8172-99EF23BC2F82}.Debug|Any CPU.Build.0 = Debug|Any CPU
		{12B420C7-8419-425D-8172-99EF23BC2F82}.Release|Any CPU.ActiveCfg = Release|Any CPU
		{12B420C7-8419-425D-8172-99EF23BC2F82}.Release|Any CPU.Build.0 = Release|Any CPU
		{BB9E01F4-FB6B-44C1-8183-22FF78D45826}.Debug|Any CPU.ActiveCfg = Debug|Any CPU
		{BB9E01F4-FB6B-44C1-8183-22FF78D45826}.Debug|Any CPU.Build.0 = Debug|Any CPU
		{BB9E01F4-FB6B-44C1-8183-22FF78D45826}.Release|Any CPU.ActiveCfg = Release|Any CPU
		{BB9E01F4-FB6B-44C1-8183-22FF78D45826}.Release|Any CPU.Build.0 = Release|Any CPU
	EndGlobalSection
	GlobalSection(SolutionProperties) = preSolution
		HideSolutionNode = FALSE
	EndGlobalSection
	GlobalSection(ExtensibilityGlobals) = postSolution
		SolutionGuid = {A85A9A4E-28C0-4699-BC14-48AA1CFBC1D5}
	EndGlobalSection
EndGlobal
